
Microsoft Visual Studio Solution File, Format Version 12.00
# Visual Studio Version 17
VisualStudioVersion = 17.11.35327.3
MinimumVisualStudioVersion = 10.0.40219.1
Project("{FAE04EC0-301F-11D3-BF4B-00C04F79EFBC}") = "ProductCatalogApp", "ProductCatalogApp\ProductCatalogApp.csproj", "{A6CC3439-4986-491B-B61D-20EA259CB30B}"
EndProject
Global
	GlobalSection(SolutionConfigurationPlatforms) = preSolution
		Debug|Any CPU = Debug|Any CPU
		Release|Any CPU = Release|Any CPU
	EndGlobalSection
	GlobalSection(ProjectConfigurationPlatforms) = postSolution
		{A6CC3439-4986-491B-B61D-20EA259CB30B}.Debug|Any CPU.ActiveCfg = Debug|Any CPU
		{A6CC3439-4986-491B-B61D-20EA259CB30B}.Debug|Any CPU.Build.0 = Debug|Any CPU
		{A6CC3439-4986-491B-B61D-20EA259CB30B}.Release|Any CPU.ActiveCfg = Release|Any CPU
		{A6CC3439-4986-491B-B61D-20EA259CB30B}.Release|Any CPU.Build.0 = Release|Any CPU
	EndGlobalSection
	GlobalSection(SolutionProperties) = preSolution
		HideSolutionNode = FALSE
	EndGlobalSection
	GlobalSection(ExtensibilityGlobals) = postSolution
		SolutionGuid = {F633C1F3-9626-4D0B-9C7B-2BEE9AFECC5B}
	EndGlobalSection
EndGlobal
